// !$*UTF8*$!
{
	archiveVersion = 1;
	classes = {
	};
	objectVersion = 56;
	objects = {

/* Begin PBXBuildFile section */
		7702F2602BB6C0C90039FD53 /* BaseTextField.swift in Sources */ = {isa = PBXBuildFile; fileRef = 7702F25F2BB6C0C90039FD53 /* BaseTextField.swift */; };
		7702F2622BB6CC670039FD53 /* AddCardVC.swift in Sources */ = {isa = PBXBuildFile; fileRef = 7702F2612BB6CC670039FD53 /* AddCardVC.swift */; };
		7702F2642BB6DBA70039FD53 /* BaseNavigationController.swift in Sources */ = {isa = PBXBuildFile; fileRef = 7702F2632BB6DBA70039FD53 /* BaseNavigationController.swift */; };
		7702F26D2BB6DE4B0039FD53 /* AddCardVM.swift in Sources */ = {isa = PBXBuildFile; fileRef = 7702F26C2BB6DE4B0039FD53 /* AddCardVM.swift */; };
		7702F2732BB77B120039FD53 /* UserCardsVC.swift in Sources */ = {isa = PBXBuildFile; fileRef = 7702F2722BB77B120039FD53 /* UserCardsVC.swift */; };
		7719FB632BB5EFCC00A46DE7 /* AppDelegate.swift in Sources */ = {isa = PBXBuildFile; fileRef = 7719FB622BB5EFCC00A46DE7 /* AppDelegate.swift */; };
		7719FB672BB5EFCC00A46DE7 /* RegisterVC.swift in Sources */ = {isa = PBXBuildFile; fileRef = 7719FB662BB5EFCC00A46DE7 /* RegisterVC.swift */; };
		7719FB6C2BB5EFCE00A46DE7 /* Assets.xcassets in Resources */ = {isa = PBXBuildFile; fileRef = 7719FB6B2BB5EFCE00A46DE7 /* Assets.xcassets */; };
		7719FB6F2BB5EFCE00A46DE7 /* Base in Resources */ = {isa = PBXBuildFile; fileRef = 7719FB6E2BB5EFCE00A46DE7 /* Base */; };
		7719FB772BB5F06B00A46DE7 /* Router.swift in Sources */ = {isa = PBXBuildFile; fileRef = 7719FB762BB5F06B00A46DE7 /* Router.swift */; };
		77B301892BB9D7D700201D2B /* UserCardsCell.swift in Sources */ = {isa = PBXBuildFile; fileRef = 77B301882BB9D7D700201D2B /* UserCardsCell.swift */; };
		77C02DB42BBA2FF100EFB2B9 /* CoreDataManager.swift in Sources */ = {isa = PBXBuildFile; fileRef = 77C02DB32BBA2FF100EFB2B9 /* CoreDataManager.swift */; };
		77C02DB62BBA354E00EFB2B9 /* Extensions.swift in Sources */ = {isa = PBXBuildFile; fileRef = 77C02DB52BBA354E00EFB2B9 /* Extensions.swift */; };
		77E212ED2BBA4BC5003F7509 /* UserCoreDataManager.xcdatamodeld in Sources */ = {isa = PBXBuildFile; fileRef = 77E212EB2BBA4BC5003F7509 /* UserCoreDataManager.xcdatamodeld */; };
		77E212F22BBA4CAA003F7509 /* CardInfoEntity+CoreDataClass.swift in Sources */ = {isa = PBXBuildFile; fileRef = 77E212EE2BBA4CAA003F7509 /* CardInfoEntity+CoreDataClass.swift */; };
		77E212F32BBA4CAA003F7509 /* CardInfoEntity+CoreDataProperties.swift in Sources */ = {isa = PBXBuildFile; fileRef = 77E212EF2BBA4CAA003F7509 /* CardInfoEntity+CoreDataProperties.swift */; };
		77E212F42BBA4CAA003F7509 /* UserInfoEntity+CoreDataClass.swift in Sources */ = {isa = PBXBuildFile; fileRef = 77E212F02BBA4CAA003F7509 /* UserInfoEntity+CoreDataClass.swift */; };
		77E212F52BBA4CAA003F7509 /* UserInfoEntity+CoreDataProperties.swift in Sources */ = {isa = PBXBuildFile; fileRef = 77E212F12BBA4CAA003F7509 /* UserInfoEntity+CoreDataProperties.swift */; };
		77E212FA2BBA4D8A003F7509 /* RegisterModel.swift in Sources */ = {isa = PBXBuildFile; fileRef = 77E212F92BBA4D8A003F7509 /* RegisterModel.swift */; };
/* End PBXBuildFile section */

/* Begin PBXFileReference section */
		7702F25F2BB6C0C90039FD53 /* BaseTextField.swift */ = {isa = PBXFileReference; lastKnownFileType = sourcecode.swift; path = BaseTextField.swift; sourceTree = "<group>"; };
		7702F2612BB6CC670039FD53 /* AddCardVC.swift */ = {isa = PBXFileReference; lastKnownFileType = sourcecode.swift; path = AddCardVC.swift; sourceTree = "<group>"; };
		7702F2632BB6DBA70039FD53 /* BaseNavigationController.swift */ = {isa = PBXFileReference; lastKnownFileType = sourcecode.swift; path = BaseNavigationController.swift; sourceTree = "<group>"; };
		7702F26C2BB6DE4B0039FD53 /* AddCardVM.swift */ = {isa = PBXFileReference; lastKnownFileType = sourcecode.swift; path = AddCardVM.swift; sourceTree = "<group>"; };
		7702F2722BB77B120039FD53 /* UserCardsVC.swift */ = {isa = PBXFileReference; lastKnownFileType = sourcecode.swift; path = UserCardsVC.swift; sourceTree = "<group>"; };
		7719FB5F2BB5EFCC00A46DE7 /* BR_Task.app */ = {isa = PBXFileReference; explicitFileType = wrapper.application; includeInIndex = 0; path = BR_Task.app; sourceTree = BUILT_PRODUCTS_DIR; };
		7719FB622BB5EFCC00A46DE7 /* AppDelegate.swift */ = {isa = PBXFileReference; lastKnownFileType = sourcecode.swift; path = AppDelegate.swift; sourceTree = "<group>"; };
		7719FB662BB5EFCC00A46DE7 /* RegisterVC.swift */ = {isa = PBXFileReference; lastKnownFileType = sourcecode.swift; path = RegisterVC.swift; sourceTree = "<group>"; };
		7719FB6B2BB5EFCE00A46DE7 /* Assets.xcassets */ = {isa = PBXFileReference; lastKnownFileType = folder.assetcatalog; path = Assets.xcassets; sourceTree = "<group>"; };
		7719FB6E2BB5EFCE00A46DE7 /* Base */ = {isa = PBXFileReference; lastKnownFileType = file.storyboard; name = Base; path = Base.lproj/LaunchScreen.storyboard; sourceTree = "<group>"; };
		7719FB702BB5EFCE00A46DE7 /* Info.plist */ = {isa = PBXFileReference; lastKnownFileType = text.plist.xml; path = Info.plist; sourceTree = "<group>"; };
		7719FB762BB5F06B00A46DE7 /* Router.swift */ = {isa = PBXFileReference; lastKnownFileType = sourcecode.swift; path = Router.swift; sourceTree = "<group>"; };
		77B301882BB9D7D700201D2B /* UserCardsCell.swift */ = {isa = PBXFileReference; lastKnownFileType = sourcecode.swift; path = UserCardsCell.swift; sourceTree = "<group>"; };
		77C02DB32BBA2FF100EFB2B9 /* CoreDataManager.swift */ = {isa = PBXFileReference; lastKnownFileType = sourcecode.swift; path = CoreDataManager.swift; sourceTree = "<group>"; };
		77C02DB52BBA354E00EFB2B9 /* Extensions.swift */ = {isa = PBXFileReference; lastKnownFileType = sourcecode.swift; path = Extensions.swift; sourceTree = "<group>"; };
		77E212EC2BBA4BC5003F7509 /* UserCoreDataManager.xcdatamodel */ = {isa = PBXFileReference; lastKnownFileType = wrapper.xcdatamodel; path = UserCoreDataManager.xcdatamodel; sourceTree = "<group>"; };
		77E212EE2BBA4CAA003F7509 /* CardInfoEntity+CoreDataClass.swift */ = {isa = PBXFileReference; lastKnownFileType = sourcecode.swift; path = "CardInfoEntity+CoreDataClass.swift"; sourceTree = "<group>"; };
		77E212EF2BBA4CAA003F7509 /* CardInfoEntity+CoreDataProperties.swift */ = {isa = PBXFileReference; lastKnownFileType = sourcecode.swift; path = "CardInfoEntity+CoreDataProperties.swift"; sourceTree = "<group>"; };
		77E212F02BBA4CAA003F7509 /* UserInfoEntity+CoreDataClass.swift */ = {isa = PBXFileReference; lastKnownFileType = sourcecode.swift; path = "UserInfoEntity+CoreDataClass.swift"; sourceTree = "<group>"; };
		77E212F12BBA4CAA003F7509 /* UserInfoEntity+CoreDataProperties.swift */ = {isa = PBXFileReference; lastKnownFileType = sourcecode.swift; path = "UserInfoEntity+CoreDataProperties.swift"; sourceTree = "<group>"; };
		77E212F92BBA4D8A003F7509 /* RegisterModel.swift */ = {isa = PBXFileReference; lastKnownFileType = sourcecode.swift; path = RegisterModel.swift; sourceTree = "<group>"; };
/* End PBXFileReference section */

/* Begin PBXFrameworksBuildPhase section */
		7719FB5C2BB5EFCC00A46DE7 /* Frameworks */ = {
			isa = PBXFrameworksBuildPhase;
			buildActionMask = 2147483647;
			files = (
			);
			runOnlyForDeploymentPostprocessing = 0;
		};
/* End PBXFrameworksBuildPhase section */

/* Begin PBXGroup section */
		7702F2682BB6DE220039FD53 /* AddCard */ = {
			isa = PBXGroup;
			children = (
				7702F2692BB6DE2E0039FD53 /* Model */,
				7702F26B2BB6DE360039FD53 /* View */,
				7702F26A2BB6DE320039FD53 /* ViewModel */,
			);
			path = AddCard;
			sourceTree = "<group>";
		};
		7702F2692BB6DE2E0039FD53 /* Model */ = {
			isa = PBXGroup;
			children = (
			);
			path = Model;
			sourceTree = "<group>";
		};
		7702F26A2BB6DE320039FD53 /* ViewModel */ = {
			isa = PBXGroup;
			children = (
				7702F26C2BB6DE4B0039FD53 /* AddCardVM.swift */,
			);
			path = ViewModel;
			sourceTree = "<group>";
		};
		7702F26B2BB6DE360039FD53 /* View */ = {
			isa = PBXGroup;
			children = (
				7702F2612BB6CC670039FD53 /* AddCardVC.swift */,
			);
			path = View;
			sourceTree = "<group>";
		};
		7702F26F2BB77AC10039FD53 /* ViewModel */ = {
			isa = PBXGroup;
			children = (
			);
			path = ViewModel;
			sourceTree = "<group>";
		};
		7702F2702BB77AC80039FD53 /* View */ = {
			isa = PBXGroup;
			children = (
				77B301872BB9D7C600201D2B /* Cell */,
				7702F2722BB77B120039FD53 /* UserCardsVC.swift */,
			);
			path = View;
			sourceTree = "<group>";
		};
		7702F2712BB77ACD0039FD53 /* Model */ = {
			isa = PBXGroup;
			children = (
			);
			path = Model;
			sourceTree = "<group>";
		};
		7719FB562BB5EFCC00A46DE7 = {
			isa = PBXGroup;
			children = (
				7719FB612BB5EFCC00A46DE7 /* BR_Task */,
				7719FB602BB5EFCC00A46DE7 /* Products */,
			);
			sourceTree = "<group>";
		};
		7719FB602BB5EFCC00A46DE7 /* Products */ = {
			isa = PBXGroup;
			children = (
				7719FB5F2BB5EFCC00A46DE7 /* BR_Task.app */,
			);
			name = Products;
			sourceTree = "<group>";
		};
		7719FB612BB5EFCC00A46DE7 /* BR_Task */ = {
			isa = PBXGroup;
			children = (
				77C02DBC2BBA366400EFB2B9 /* Resources */,
				77C02DB92BBA35AA00EFB2B9 /* Application */,
				77C02DB72BBA356F00EFB2B9 /* Presentation */,
				77E212E82BBA4B5D003F7509 /* Data */,
			);
			path = BR_Task;
			sourceTree = "<group>";
		};
		77B301872BB9D7C600201D2B /* Cell */ = {
			isa = PBXGroup;
			children = (
				77B301882BB9D7D700201D2B /* UserCardsCell.swift */,
			);
			path = Cell;
			sourceTree = "<group>";
		};
		77C02DB72BBA356F00EFB2B9 /* Presentation */ = {
			isa = PBXGroup;
			children = (
				77C02DB82BBA357600EFB2B9 /* Common */,
				77C02DBD2BBA367E00EFB2B9 /* Utils */,
				77C02DBE2BBA369200EFB2B9 /* Routing */,
				77C02DBA2BBA35F300EFB2B9 /* Screens */,
			);
			path = Presentation;
			sourceTree = "<group>";
		};
		77C02DB82BBA357600EFB2B9 /* Common */ = {
			isa = PBXGroup;
			children = (
				7702F25F2BB6C0C90039FD53 /* BaseTextField.swift */,
				7702F2632BB6DBA70039FD53 /* BaseNavigationController.swift */,
			);
			path = Common;
			sourceTree = "<group>";
		};
		77C02DB92BBA35AA00EFB2B9 /* Application */ = {
			isa = PBXGroup;
			children = (
				7719FB622BB5EFCC00A46DE7 /* AppDelegate.swift */,
			);
			path = Application;
			sourceTree = "<group>";
		};
		77C02DBA2BBA35F300EFB2B9 /* Screens */ = {
			isa = PBXGroup;
			children = (
				7702F2682BB6DE220039FD53 /* AddCard */,
				77C02DBB2BBA360300EFB2B9 /* Register */,
				77E212E92BBA4B6E003F7509 /* UserCards */,
			);
			path = Screens;
			sourceTree = "<group>";
		};
		77C02DBB2BBA360300EFB2B9 /* Register */ = {
			isa = PBXGroup;
			children = (
				77E212F62BBA4D72003F7509 /* Model */,
				77E212F72BBA4D77003F7509 /* View */,
				77E212F82BBA4D7B003F7509 /* ViewModel */,
			);
			path = Register;
			sourceTree = "<group>";
		};
		77C02DBC2BBA366400EFB2B9 /* Resources */ = {
			isa = PBXGroup;
			children = (
				7719FB6B2BB5EFCE00A46DE7 /* Assets.xcassets */,
				7719FB6D2BB5EFCE00A46DE7 /* LaunchScreen.storyboard */,
				7719FB702BB5EFCE00A46DE7 /* Info.plist */,
			);
			path = Resources;
			sourceTree = "<group>";
		};
		77C02DBD2BBA367E00EFB2B9 /* Utils */ = {
			isa = PBXGroup;
			children = (
				77C02DB52BBA354E00EFB2B9 /* Extensions.swift */,
			);
			path = Utils;
			sourceTree = "<group>";
		};
		77C02DBE2BBA369200EFB2B9 /* Routing */ = {
			isa = PBXGroup;
			children = (
				7719FB762BB5F06B00A46DE7 /* Router.swift */,
			);
			path = Routing;
			sourceTree = "<group>";
		};
		77E212E82BBA4B5D003F7509 /* Data */ = {
			isa = PBXGroup;
			children = (
				77E212EA2BBA4B8F003F7509 /* CoreDataManager */,
			);
			path = Data;
			sourceTree = "<group>";
		};
		77E212E92BBA4B6E003F7509 /* UserCards */ = {
			isa = PBXGroup;
			children = (
				7702F2712BB77ACD0039FD53 /* Model */,
				7702F2702BB77AC80039FD53 /* View */,
				7702F26F2BB77AC10039FD53 /* ViewModel */,
			);
			path = UserCards;
			sourceTree = "<group>";
		};
		77E212EA2BBA4B8F003F7509 /* CoreDataManager */ = {
			isa = PBXGroup;
			children = (
				77C02DB32BBA2FF100EFB2B9 /* CoreDataManager.swift */,
				77E212EE2BBA4CAA003F7509 /* CardInfoEntity+CoreDataClass.swift */,
				77E212EF2BBA4CAA003F7509 /* CardInfoEntity+CoreDataProperties.swift */,
				77E212F02BBA4CAA003F7509 /* UserInfoEntity+CoreDataClass.swift */,
				77E212F12BBA4CAA003F7509 /* UserInfoEntity+CoreDataProperties.swift */,
				77E212EB2BBA4BC5003F7509 /* UserCoreDataManager.xcdatamodeld */,
			);
			path = CoreDataManager;
			sourceTree = "<group>";
		};
		77E212F62BBA4D72003F7509 /* Model */ = {
			isa = PBXGroup;
			children = (
				77E212F92BBA4D8A003F7509 /* RegisterModel.swift */,
			);
			path = Model;
			sourceTree = "<group>";
		};
		77E212F72BBA4D77003F7509 /* View */ = {
			isa = PBXGroup;
			children = (
				7719FB662BB5EFCC00A46DE7 /* RegisterVC.swift */,
			);
			path = View;
			sourceTree = "<group>";
		};
		77E212F82BBA4D7B003F7509 /* ViewModel */ = {
			isa = PBXGroup;
			children = (
			);
			path = ViewModel;
			sourceTree = "<group>";
		};
/* End PBXGroup section */

/* Begin PBXNativeTarget section */
		7719FB5E2BB5EFCC00A46DE7 /* BR_Task */ = {
			isa = PBXNativeTarget;
			buildConfigurationList = 7719FB732BB5EFCE00A46DE7 /* Build configuration list for PBXNativeTarget "BR_Task" */;
			buildPhases = (
				7719FB5B2BB5EFCC00A46DE7 /* Sources */,
				7719FB5C2BB5EFCC00A46DE7 /* Frameworks */,
				7719FB5D2BB5EFCC00A46DE7 /* Resources */,
			);
			buildRules = (
			);
			dependencies = (
			);
			name = BR_Task;
			productName = BR_Task;
			productReference = 7719FB5F2BB5EFCC00A46DE7 /* BR_Task.app */;
			productType = "com.apple.product-type.application";
		};
/* End PBXNativeTarget section */

/* Begin PBXProject section */
		7719FB572BB5EFCC00A46DE7 /* Project object */ = {
			isa = PBXProject;
			attributes = {
				BuildIndependentTargetsInParallel = 1;
				LastSwiftUpdateCheck = 1530;
				LastUpgradeCheck = 1530;
				TargetAttributes = {
					7719FB5E2BB5EFCC00A46DE7 = {
						CreatedOnToolsVersion = 15.3;
					};
				};
			};
			buildConfigurationList = 7719FB5A2BB5EFCC00A46DE7 /* Build configuration list for PBXProject "BR_Task" */;
			compatibilityVersion = "Xcode 14.0";
			developmentRegion = en;
			hasScannedForEncodings = 0;
			knownRegions = (
				en,
				Base,
			);
			mainGroup = 7719FB562BB5EFCC00A46DE7;
			productRefGroup = 7719FB602BB5EFCC00A46DE7 /* Products */;
			projectDirPath = "";
			projectRoot = "";
			targets = (
				7719FB5E2BB5EFCC00A46DE7 /* BR_Task */,
			);
		};
/* End PBXProject section */

/* Begin PBXResourcesBuildPhase section */
		7719FB5D2BB5EFCC00A46DE7 /* Resources */ = {
			isa = PBXResourcesBuildPhase;
			buildActionMask = 2147483647;
			files = (
				7719FB6C2BB5EFCE00A46DE7 /* Assets.xcassets in Resources */,
				7719FB6F2BB5EFCE00A46DE7 /* Base in Resources */,
			);
			runOnlyForDeploymentPostprocessing = 0;
		};
/* End PBXResourcesBuildPhase section */

/* Begin PBXSourcesBuildPhase section */
		7719FB5B2BB5EFCC00A46DE7 /* Sources */ = {
			isa = PBXSourcesBuildPhase;
			buildActionMask = 2147483647;
			files = (
				7702F26D2BB6DE4B0039FD53 /* AddCardVM.swift in Sources */,
				77C02DB42BBA2FF100EFB2B9 /* CoreDataManager.swift in Sources */,
				7702F2732BB77B120039FD53 /* UserCardsVC.swift in Sources */,
				7719FB672BB5EFCC00A46DE7 /* RegisterVC.swift in Sources */,
				7719FB772BB5F06B00A46DE7 /* Router.swift in Sources */,
				77B301892BB9D7D700201D2B /* UserCardsCell.swift in Sources */,
				77E212ED2BBA4BC5003F7509 /* UserCoreDataManager.xcdatamodeld in Sources */,
				77C02DB62BBA354E00EFB2B9 /* Extensions.swift in Sources */,
				77E212F22BBA4CAA003F7509 /* CardInfoEntity+CoreDataClass.swift in Sources */,
				77E212F32BBA4CAA003F7509 /* CardInfoEntity+CoreDataProperties.swift in Sources */,
				77E212F42BBA4CAA003F7509 /* UserInfoEntity+CoreDataClass.swift in Sources */,
				77E212F52BBA4CAA003F7509 /* UserInfoEntity+CoreDataProperties.swift in Sources */,
				7702F2642BB6DBA70039FD53 /* BaseNavigationController.swift in Sources */,
				77E212FA2BBA4D8A003F7509 /* RegisterModel.swift in Sources */,
				7702F2602BB6C0C90039FD53 /* BaseTextField.swift in Sources */,
				7702F2622BB6CC670039FD53 /* AddCardVC.swift in Sources */,
				7719FB632BB5EFCC00A46DE7 /* AppDelegate.swift in Sources */,
			);
			runOnlyForDeploymentPostprocessing = 0;
		};
/* End PBXSourcesBuildPhase section */

/* Begin PBXVariantGroup section */
		7719FB6D2BB5EFCE00A46DE7 /* LaunchScreen.storyboard */ = {
			isa = PBXVariantGroup;
			children = (
				7719FB6E2BB5EFCE00A46DE7 /* Base */,
			);
			name = LaunchScreen.storyboard;
			sourceTree = "<group>";
		};
/* End PBXVariantGroup section */

/* Begin XCBuildConfiguration section */
		7719FB712BB5EFCE00A46DE7 /* Debug */ = {
			isa = XCBuildConfiguration;
			buildSettings = {
				ALWAYS_SEARCH_USER_PATHS = NO;
				ASSETCATALOG_COMPILER_GENERATE_SWIFT_ASSET_SYMBOL_EXTENSIONS = YES;
				CLANG_ANALYZER_NONNULL = YES;
				CLANG_ANALYZER_NUMBER_OBJECT_CONVERSION = YES_AGGRESSIVE;
				CLANG_CXX_LANGUAGE_STANDARD = "gnu++20";
				CLANG_ENABLE_MODULES = YES;
				CLANG_ENABLE_OBJC_ARC = YES;
				CLANG_ENABLE_OBJC_WEAK = YES;
				CLANG_WARN_BLOCK_CAPTURE_AUTORELEASING = YES;
				CLANG_WARN_BOOL_CONVERSION = YES;
				CLANG_WARN_COMMA = YES;
				CLANG_WARN_CONSTANT_CONVERSION = YES;
				CLANG_WARN_DEPRECATED_OBJC_IMPLEMENTATIONS = YES;
				CLANG_WARN_DIRECT_OBJC_ISA_USAGE = YES_ERROR;
				CLANG_WARN_DOCUMENTATION_COMMENTS = YES;
				CLANG_WARN_EMPTY_BODY = YES;
				CLANG_WARN_ENUM_CONVERSION = YES;
				CLANG_WARN_INFINITE_RECURSION = YES;
				CLANG_WARN_INT_CONVERSION = YES;
				CLANG_WARN_NON_LITERAL_NULL_CONVERSION = YES;
				CLANG_WARN_OBJC_IMPLICIT_RETAIN_SELF = YES;
				CLANG_WARN_OBJC_LITERAL_CONVERSION = YES;
				CLANG_WARN_OBJC_ROOT_CLASS = YES_ERROR;
				CLANG_WARN_QUOTED_INCLUDE_IN_FRAMEWORK_HEADER = YES;
				CLANG_WARN_RANGE_LOOP_ANALYSIS = YES;
				CLANG_WARN_STRICT_PROTOTYPES = YES;
				CLANG_WARN_SUSPICIOUS_MOVE = YES;
				CLANG_WARN_UNGUARDED_AVAILABILITY = YES_AGGRESSIVE;
				CLANG_WARN_UNREACHABLE_CODE = YES;
				CLANG_WARN__DUPLICATE_METHOD_MATCH = YES;
				COPY_PHASE_STRIP = NO;
				DEBUG_INFORMATION_FORMAT = dwarf;
				ENABLE_STRICT_OBJC_MSGSEND = YES;
				ENABLE_TESTABILITY = YES;
				ENABLE_USER_SCRIPT_SANDBOXING = YES;
				GCC_C_LANGUAGE_STANDARD = gnu17;
				GCC_DYNAMIC_NO_PIC = NO;
				GCC_NO_COMMON_BLOCKS = YES;
				GCC_OPTIMIZATION_LEVEL = 0;
				GCC_PREPROCESSOR_DEFINITIONS = (
					"DEBUG=1",
					"$(inherited)",
				);
				GCC_WARN_64_TO_32_BIT_CONVERSION = YES;
				GCC_WARN_ABOUT_RETURN_TYPE = YES_ERROR;
				GCC_WARN_UNDECLARED_SELECTOR = YES;
				GCC_WARN_UNINITIALIZED_AUTOS = YES_AGGRESSIVE;
				GCC_WARN_UNUSED_FUNCTION = YES;
				GCC_WARN_UNUSED_VARIABLE = YES;
				IPHONEOS_DEPLOYMENT_TARGET = 17.4;
				LOCALIZATION_PREFERS_STRING_CATALOGS = YES;
				MTL_ENABLE_DEBUG_INFO = INCLUDE_SOURCE;
				MTL_FAST_MATH = YES;
				ONLY_ACTIVE_ARCH = YES;
				SDKROOT = iphoneos;
				SWIFT_ACTIVE_COMPILATION_CONDITIONS = "DEBUG $(inherited)";
				SWIFT_OPTIMIZATION_LEVEL = "-Onone";
			};
			name = Debug;
		};
		7719FB722BB5EFCE00A46DE7 /* Release */ = {
			isa = XCBuildConfiguration;
			buildSettings = {
				ALWAYS_SEARCH_USER_PATHS = NO;
				ASSETCATALOG_COMPILER_GENERATE_SWIFT_ASSET_SYMBOL_EXTENSIONS = YES;
				CLANG_ANALYZER_NONNULL = YES;
				CLANG_ANALYZER_NUMBER_OBJECT_CONVERSION = YES_AGGRESSIVE;
				CLANG_CXX_LANGUAGE_STANDARD = "gnu++20";
				CLANG_ENABLE_MODULES = YES;
				CLANG_ENABLE_OBJC_ARC = YES;
				CLANG_ENABLE_OBJC_WEAK = YES;
				CLANG_WARN_BLOCK_CAPTURE_AUTORELEASING = YES;
				CLANG_WARN_BOOL_CONVERSION = YES;
				CLANG_WARN_COMMA = YES;
				CLANG_WARN_CONSTANT_CONVERSION = YES;
				CLANG_WARN_DEPRECATED_OBJC_IMPLEMENTATIONS = YES;
				CLANG_WARN_DIRECT_OBJC_ISA_USAGE = YES_ERROR;
				CLANG_WARN_DOCUMENTATION_COMMENTS = YES;
				CLANG_WARN_EMPTY_BODY = YES;
				CLANG_WARN_ENUM_CONVERSION = YES;
				CLANG_WARN_INFINITE_RECURSION = YES;
				CLANG_WARN_INT_CONVERSION = YES;
				CLANG_WARN_NON_LITERAL_NULL_CONVERSION = YES;
				CLANG_WARN_OBJC_IMPLICIT_RETAIN_SELF = YES;
				CLANG_WARN_OBJC_LITERAL_CONVERSION = YES;
				CLANG_WARN_OBJC_ROOT_CLASS = YES_ERROR;
				CLANG_WARN_QUOTED_INCLUDE_IN_FRAMEWORK_HEADER = YES;
				CLANG_WARN_RANGE_LOOP_ANALYSIS = YES;
				CLANG_WARN_STRICT_PROTOTYPES = YES;
				CLANG_WARN_SUSPICIOUS_MOVE = YES;
				CLANG_WARN_UNGUARDED_AVAILABILITY = YES_AGGRESSIVE;
				CLANG_WARN_UNREACHABLE_CODE = YES;
				CLANG_WARN__DUPLICATE_METHOD_MATCH = YES;
				COPY_PHASE_STRIP = NO;
				DEBUG_INFORMATION_FORMAT = "dwarf-with-dsym";
				ENABLE_NS_ASSERTIONS = NO;
				ENABLE_STRICT_OBJC_MSGSEND = YES;
				ENABLE_USER_SCRIPT_SANDBOXING = YES;
				GCC_C_LANGUAGE_STANDARD = gnu17;
				GCC_NO_COMMON_BLOCKS = YES;
				GCC_WARN_64_TO_32_BIT_CONVERSION = YES;
				GCC_WARN_ABOUT_RETURN_TYPE = YES_ERROR;
				GCC_WARN_UNDECLARED_SELECTOR = YES;
				GCC_WARN_UNINITIALIZED_AUTOS = YES_AGGRESSIVE;
				GCC_WARN_UNUSED_FUNCTION = YES;
				GCC_WARN_UNUSED_VARIABLE = YES;
				IPHONEOS_DEPLOYMENT_TARGET = 17.4;
				LOCALIZATION_PREFERS_STRING_CATALOGS = YES;
				MTL_ENABLE_DEBUG_INFO = NO;
				MTL_FAST_MATH = YES;
				SDKROOT = iphoneos;
				SWIFT_COMPILATION_MODE = wholemodule;
				VALIDATE_PRODUCT = YES;
			};
			name = Release;
		};
		7719FB742BB5EFCE00A46DE7 /* Debug */ = {
			isa = XCBuildConfiguration;
			buildSettings = {
				ASSETCATALOG_COMPILER_APPICON_NAME = AppIcon;
				ASSETCATALOG_COMPILER_GLOBAL_ACCENT_COLOR_NAME = AccentColor;
				CODE_SIGN_STYLE = Automatic;
				CURRENT_PROJECT_VERSION = 1;
				DEVELOPMENT_TEAM = 35LUM963T6;
				GENERATE_INFOPLIST_FILE = YES;
				INFOPLIST_FILE = BR_Task/Resources/Info.plist;
				INFOPLIST_KEY_UIApplicationSupportsIndirectInputEvents = YES;
				INFOPLIST_KEY_UILaunchStoryboardName = LaunchScreen;
				INFOPLIST_KEY_UISupportedInterfaceOrientations = "UIInterfaceOrientationLandscapeLeft UIInterfaceOrientationLandscapeRight UIInterfaceOrientationPortrait";
				INFOPLIST_KEY_UISupportedInterfaceOrientations_iPad = "UIInterfaceOrientationPortrait UIInterfaceOrientationPortraitUpsideDown";
				LD_RUNPATH_SEARCH_PATHS = (
					"$(inherited)",
					"@executable_path/Frameworks",
				);
				MARKETING_VERSION = 1.0;
				PRODUCT_BUNDLE_IDENTIFIER = "com.nzm.BR-Task";
				PRODUCT_NAME = "$(TARGET_NAME)";
				SWIFT_EMIT_LOC_STRINGS = YES;
				SWIFT_VERSION = 5.0;
				TARGETED_DEVICE_FAMILY = "1,2";
			};
			name = Debug;
		};
		7719FB752BB5EFCE00A46DE7 /* Release */ = {
			isa = XCBuildConfiguration;
			buildSettings = {
				ASSETCATALOG_COMPILER_APPICON_NAME = AppIcon;
				ASSETCATALOG_COMPILER_GLOBAL_ACCENT_COLOR_NAME = AccentColor;
				CODE_SIGN_STYLE = Automatic;
				CURRENT_PROJECT_VERSION = 1;
				DEVELOPMENT_TEAM = 35LUM963T6;
				GENERATE_INFOPLIST_FILE = YES;
				INFOPLIST_FILE = BR_Task/Resources/Info.plist;
				INFOPLIST_KEY_UIApplicationSupportsIndirectInputEvents = YES;
				INFOPLIST_KEY_UILaunchStoryboardName = LaunchScreen;
				INFOPLIST_KEY_UISupportedInterfaceOrientations = "UIInterfaceOrientationLandscapeLeft UIInterfaceOrientationLandscapeRight UIInterfaceOrientationPortrait";
				INFOPLIST_KEY_UISupportedInterfaceOrientations_iPad = "UIInterfaceOrientationPortrait UIInterfaceOrientationPortraitUpsideDown";
				LD_RUNPATH_SEARCH_PATHS = (
					"$(inherited)",
					"@executable_path/Frameworks",
				);
				MARKETING_VERSION = 1.0;
				PRODUCT_BUNDLE_IDENTIFIER = "com.nzm.BR-Task";
				PRODUCT_NAME = "$(TARGET_NAME)";
				SWIFT_EMIT_LOC_STRINGS = YES;
				SWIFT_VERSION = 5.0;
				TARGETED_DEVICE_FAMILY = "1,2";
			};
			name = Release;
		};
/* End XCBuildConfiguration section */

/* Begin XCConfigurationList section */
		7719FB5A2BB5EFCC00A46DE7 /* Build configuration list for PBXProject "BR_Task" */ = {
			isa = XCConfigurationList;
			buildConfigurations = (
				7719FB712BB5EFCE00A46DE7 /* Debug */,
				7719FB722BB5EFCE00A46DE7 /* Release */,
			);
			defaultConfigurationIsVisible = 0;
			defaultConfigurationName = Release;
		};
		7719FB732BB5EFCE00A46DE7 /* Build configuration list for PBXNativeTarget "BR_Task" */ = {
			isa = XCConfigurationList;
			buildConfigurations = (
				7719FB742BB5EFCE00A46DE7 /* Debug */,
				7719FB752BB5EFCE00A46DE7 /* Release */,
			);
			defaultConfigurationIsVisible = 0;
			defaultConfigurationName = Release;
		};
/* End XCConfigurationList section */

/* Begin XCVersionGroup section */
		77E212EB2BBA4BC5003F7509 /* UserCoreDataManager.xcdatamodeld */ = {
			isa = XCVersionGroup;
			children = (
				77E212EC2BBA4BC5003F7509 /* UserCoreDataManager.xcdatamodel */,
			);
			currentVersion = 77E212EC2BBA4BC5003F7509 /* UserCoreDataManager.xcdatamodel */;
			name = UserCoreDataManager.xcdatamodeld;
			path = /Users/testtest/Desktop/BR_Task/BR_Task/Data/CoreDataManager/UserCoreDataManager.xcdatamodeld;
			sourceTree = "<group>";
			versionGroupType = wrapper.xcdatamodel;
		};
/* End XCVersionGroup section */
	};
	rootObject = 7719FB572BB5EFCC00A46DE7 /* Project object */;
}
